
Microsoft Visual Studio Solution File, Format Version 12.00
# Visual Studio Version 16
VisualStudioVersion = 16.0.31205.134
MinimumVisualStudioVersion = 10.0.40219.1
Project("{8BC9CEB8-8B4A-11D0-8D11-00A0C91BC942}") = "ADS103 A4 HEW_Jeremy", "ADS103 A4 HEW_Jeremy.vcxproj", "{681E68D6-9567-4AC7-9C27-7C76AB153B1E}"
EndProject
Global
	GlobalSection(SolutionConfigurationPlatforms) = preSolution
		Debug|x64 = Debug|x64
		Debug|x86 = Debug|x86
		Release|x64 = Release|x64
		Release|x86 = Release|x86
	EndGlobalSection
	GlobalSection(ProjectConfigurationPlatforms) = postSolution
		{681E68D6-9567-4AC7-9C27-7C76AB153B1E}.Debug|x64.ActiveCfg = Debug|x64
		{681E68D6-9567-4AC7-9C27-7C76AB153B1E}.Debug|x64.Build.0 = Debug|x64
		{681E68D6-9567-4AC7-9C27-7C76AB153B1E}.Debug|x86.ActiveCfg = Debug|Win32
		{681E68D6-9567-4AC7-9C27-7C76AB153B1E}.Debug|x86.Build.0 = Debug|Win32
		{681E68D6-9567-4AC7-9C27-7C76AB153B1E}.Release|x64.ActiveCfg = Release|x64
		{681E68D6-9567-4AC7-9C27-7C76AB153B1E}.Release|x64.Build.0 = Release|x64
		{681E68D6-9567-4AC7-9C27-7C76AB153B1E}.Release|x86.ActiveCfg = Release|Win32
		{681E68D6-9567-4AC7-9C27-7C76AB153B1E}.Release|x86.Build.0 = Release|Win32
	EndGlobalSection
	GlobalSection(SolutionProperties) = preSolution
		HideSolutionNode = FALSE
	EndGlobalSection
	GlobalSection(ExtensibilityGlobals) = postSolution
		SolutionGuid = {5B9A7A03-09B3-49A7-864D-BBFC34BAFA84}
	EndGlobalSection
EndGlobal
